PODS:
  - Alamofire (5.4.3)
  - YouTubePlayer (0.7.2)

DEPENDENCIES:
  - Alamofire (~> 5.4)
  - YouTubePlayer

SPEC REPOS:
  trunk:
    - Alamofire
    - YouTubePlayer

SPEC CHECKSUMS:
  Alamofire: e447a2774a40c996748296fa2c55112fdbbc42f9
  YouTubePlayer: 2b5f2830d8f9b2cde942083211291e382c9e6bd5

PODFILE CHECKSUM: 8a628e235440e55cf8db33d4daae07fbda4f0572

COCOAPODS: 1.10.1
